// !$*UTF8*$!
{
	archiveVersion = 1;
	classes = {
	};
	objectVersion = 56;
	objects = {

/* Begin PBXBuildFile section */
		EB1AAAFE2B8C204000EF5ABA /* SwiftUIView.swift in Sources */ = {isa = PBXBuildFile; fileRef = EB1AAAFD2B8C204000EF5ABA /* SwiftUIView.swift */; };
		EB2378B82B70997C00C25DC5 /* recipyApp.swift in Sources */ = {isa = PBXBuildFile; fileRef = EB2378B72B70997C00C25DC5 /* recipyApp.swift */; };
		EB2378BA2B70997C00C25DC5 /* ContentView.swift in Sources */ = {isa = PBXBuildFile; fileRef = EB2378B92B70997C00C25DC5 /* ContentView.swift */; };
		EB2378BC2B70997E00C25DC5 /* Assets.xcassets in Resources */ = {isa = PBXBuildFile; fileRef = EB2378BB2B70997E00C25DC5 /* Assets.xcassets */; };
		EB2378BF2B70997E00C25DC5 /* Preview Assets.xcassets in Resources */ = {isa = PBXBuildFile; fileRef = EB2378BE2B70997E00C25DC5 /* Preview Assets.xcassets */; };
		EBC9A8752B75BA15006A60AC /* RecipyView.swift in Sources */ = {isa = PBXBuildFile; fileRef = EBC9A8742B75BA15006A60AC /* RecipyView.swift */; };
		EBC9A8772B75C229006A60AC /* RecipyData.swift in Sources */ = {isa = PBXBuildFile; fileRef = EBC9A8762B75C229006A60AC /* RecipyData.swift */; };
		EBC9A87C2B75C57B006A60AC /* RecipyManager.swift in Sources */ = {isa = PBXBuildFile; fileRef = EBC9A87B2B75C57B006A60AC /* RecipyManager.swift */; };
/* End PBXBuildFile section */

/* Begin PBXFileReference section */
		EB1AAAFD2B8C204000EF5ABA /* SwiftUIView.swift */ = {isa = PBXFileReference; lastKnownFileType = sourcecode.swift; path = SwiftUIView.swift; sourceTree = "<group>"; };
		EB2378B42B70997C00C25DC5 /* recipy.app */ = {isa = PBXFileReference; explicitFileType = wrapper.application; includeInIndex = 0; path = recipy.app; sourceTree = BUILT_PRODUCTS_DIR; };
		EB2378B72B70997C00C25DC5 /* recipyApp.swift */ = {isa = PBXFileReference; lastKnownFileType = sourcecode.swift; path = recipyApp.swift; sourceTree = "<group>"; };
		EB2378B92B70997C00C25DC5 /* ContentView.swift */ = {isa = PBXFileReference; lastKnownFileType = sourcecode.swift; path = ContentView.swift; sourceTree = "<group>"; };
		EB2378BB2B70997E00C25DC5 /* Assets.xcassets */ = {isa = PBXFileReference; lastKnownFileType = folder.assetcatalog; path = Assets.xcassets; sourceTree = "<group>"; };
		EB2378BE2B70997E00C25DC5 /* Preview Assets.xcassets */ = {isa = PBXFileReference; lastKnownFileType = folder.assetcatalog; path = "Preview Assets.xcassets"; sourceTree = "<group>"; };
		EBC9A8742B75BA15006A60AC /* RecipyView.swift */ = {isa = PBXFileReference; lastKnownFileType = sourcecode.swift; path = RecipyView.swift; sourceTree = "<group>"; };
		EBC9A8762B75C229006A60AC /* RecipyData.swift */ = {isa = PBXFileReference; lastKnownFileType = sourcecode.swift; path = RecipyData.swift; sourceTree = "<group>"; };
		EBC9A87B2B75C57B006A60AC /* RecipyManager.swift */ = {isa = PBXFileReference; lastKnownFileType = sourcecode.swift; path = RecipyManager.swift; sourceTree = "<group>"; };
/* End PBXFileReference section */

/* Begin PBXFrameworksBuildPhase section */
		EB2378B12B70997C00C25DC5 /* Frameworks */ = {
			isa = PBXFrameworksBuildPhase;
			buildActionMask = 2147483647;
			files = (
			);
			runOnlyForDeploymentPostprocessing = 0;
		};
/* End PBXFrameworksBuildPhase section */

/* Begin PBXGroup section */
		EB2378AB2B70997C00C25DC5 = {
			isa = PBXGroup;
			children = (
				EB1AAAFD2B8C204000EF5ABA /* SwiftUIView.swift */,
				EB2378B62B70997C00C25DC5 /* recipy */,
				EB2378B52B70997C00C25DC5 /* Products */,
			);
			sourceTree = "<group>";
		};
		EB2378B52B70997C00C25DC5 /* Products */ = {
			isa = PBXGroup;
			children = (
				EB2378B42B70997C00C25DC5 /* recipy.app */,
			);
			name = Products;
			sourceTree = "<group>";
		};
		EB2378B62B70997C00C25DC5 /* recipy */ = {
			isa = PBXGroup;
			children = (
				EB2378B72B70997C00C25DC5 /* recipyApp.swift */,
				EBC9A8782B75C403006A60AC /* Model */,
				EBC9A87A2B75C433006A60AC /* View */,
				EB2378BB2B70997E00C25DC5 /* Assets.xcassets */,
				EB2378BD2B70997E00C25DC5 /* Preview Content */,
			);
			path = recipy;
			sourceTree = "<group>";
		};
		EB2378BD2B70997E00C25DC5 /* Preview Content */ = {
			isa = PBXGroup;
			children = (
				EB2378BE2B70997E00C25DC5 /* Preview Assets.xcassets */,
			);
			path = "Preview Content";
			sourceTree = "<group>";
		};
		EBC9A8782B75C403006A60AC /* Model */ = {
			isa = PBXGroup;
			children = (
				EBC9A8762B75C229006A60AC /* RecipyData.swift */,
				EBC9A87B2B75C57B006A60AC /* RecipyManager.swift */,
			);
			path = Model;
			sourceTree = "<group>";
		};
		EBC9A87A2B75C433006A60AC /* View */ = {
			isa = PBXGroup;
			children = (
				EBC9A8742B75BA15006A60AC /* RecipyView.swift */,
				EB2378B92B70997C00C25DC5 /* ContentView.swift */,
			);
			path = View;
			sourceTree = "<group>";
		};
/* End PBXGroup section */

/* Begin PBXNativeTarget section */
		EB2378B32B70997C00C25DC5 /* recipy */ = {
			isa = PBXNativeTarget;
			buildConfigurationList = EB2378C22B70997E00C25DC5 /* Build configuration list for PBXNativeTarget "recipy" */;
			buildPhases = (
				EB2378B02B70997C00C25DC5 /* Sources */,
				EB2378B12B70997C00C25DC5 /* Frameworks */,
				EB2378B22B70997C00C25DC5 /* Resources */,
			);
			buildRules = (
			);
			dependencies = (
			);
			name = recipy;
			productName = recipy;
			productReference = EB2378B42B70997C00C25DC5 /* recipy.app */;
			productType = "com.apple.product-type.application";
		};
/* End PBXNativeTarget section */

/* Begin PBXProject section */
		EB2378AC2B70997C00C25DC5 /* Project object */ = {
			isa = PBXProject;
			attributes = {
				BuildIndependentTargetsInParallel = 1;
				LastSwiftUpdateCheck = 1520;
				LastUpgradeCheck = 1520;
				TargetAttributes = {
					EB2378B32B70997C00C25DC5 = {
						CreatedOnToolsVersion = 15.2;
					};
				};
			};
			buildConfigurationList = EB2378AF2B70997C00C25DC5 /* Build configuration list for PBXProject "recipy" */;
			compatibilityVersion = "Xcode 14.0";
			developmentRegion = en;
			hasScannedForEncodings = 0;
			knownRegions = (
				en,
				Base,
			);
			mainGroup = EB2378AB2B70997C00C25DC5;
			productRefGroup = EB2378B52B70997C00C25DC5 /* Products */;
			projectDirPath = "";
			projectRoot = "";
			targets = (
				EB2378B32B70997C00C25DC5 /* recipy */,
			);
		};
/* End PBXProject section */

/* Begin PBXResourcesBuildPhase section */
		EB2378B22B70997C00C25DC5 /* Resources */ = {
			isa = PBXResourcesBuildPhase;
			buildActionMask = 2147483647;
			files = (
				EB2378BF2B70997E00C25DC5 /* Preview Assets.xcassets in Resources */,
				EB2378BC2B70997E00C25DC5 /* Assets.xcassets in Resources */,
			);
			runOnlyForDeploymentPostprocessing = 0;
		};
/* End PBXResourcesBuildPhase section */

/* Begin PBXSourcesBuildPhase section */
		EB2378B02B70997C00C25DC5 /* Sources */ = {
			isa = PBXSourcesBuildPhase;
			buildActionMask = 2147483647;
			files = (
				EB2378BA2B70997C00C25DC5 /* ContentView.swift in Sources */,
				EBC9A87C2B75C57B006A60AC /* RecipyManager.swift in Sources */,
				EB1AAAFE2B8C204000EF5ABA /* SwiftUIView.swift in Sources */,
				EB2378B82B70997C00C25DC5 /* recipyApp.swift in Sources */,
				EBC9A8772B75C229006A60AC /* RecipyData.swift in Sources */,
				EBC9A8752B75BA15006A60AC /* RecipyView.swift in Sources */,
			);
			runOnlyForDeploymentPostprocessing = 0;
		};
/* End PBXSourcesBuildPhase section */

/* Begin XCBuildConfiguration section */
		EB2378C02B70997E00C25DC5 /* Debug */ = {
			isa = XCBuildConfiguration;
			buildSettings = {
				ALWAYS_SEARCH_USER_PATHS = NO;
				ASSETCATALOG_COMPILER_GENERATE_SWIFT_ASSET_SYMBOL_EXTENSIONS = YES;
				CLANG_ANALYZER_NONNULL = YES;
				CLANG_ANALYZER_NUMBER_OBJECT_CONVERSION = YES_AGGRESSIVE;
				CLANG_CXX_LANGUAGE_STANDARD = "gnu++20";
				CLANG_ENABLE_MODULES = YES;
				CLANG_ENABLE_OBJC_ARC = YES;
				CLANG_ENABLE_OBJC_WEAK = YES;
				CLANG_WARN_BLOCK_CAPTURE_AUTORELEASING = YES;
				CLANG_WARN_BOOL_CONVERSION = YES;
				CLANG_WARN_COMMA = YES;
				CLANG_WARN_CONSTANT_CONVERSION = YES;
				CLANG_WARN_DEPRECATED_OBJC_IMPLEMENTATIONS = YES;
				CLANG_WARN_DIRECT_OBJC_ISA_USAGE = YES_ERROR;
				CLANG_WARN_DOCUMENTATION_COMMENTS = YES;
				CLANG_WARN_EMPTY_BODY = YES;
				CLANG_WARN_ENUM_CONVERSION = YES;
				CLANG_WARN_INFINITE_RECURSION = YES;
				CLANG_WARN_INT_CONVERSION = YES;
				CLANG_WARN_NON_LITERAL_NULL_CONVERSION = YES;
				CLANG_WARN_OBJC_IMPLICIT_RETAIN_SELF = YES;
				CLANG_WARN_OBJC_LITERAL_CONVERSION = YES;
				CLANG_WARN_OBJC_ROOT_CLASS = YES_ERROR;
				CLANG_WARN_QUOTED_INCLUDE_IN_FRAMEWORK_HEADER = YES;
				CLANG_WARN_RANGE_LOOP_ANALYSIS = YES;
				CLANG_WARN_STRICT_PROTOTYPES = YES;
				CLANG_WARN_SUSPICIOUS_MOVE = YES;
				CLANG_WARN_UNGUARDED_AVAILABILITY = YES_AGGRESSIVE;
				CLANG_WARN_UNREACHABLE_CODE = YES;
				CLANG_WARN__DUPLICATE_METHOD_MATCH = YES;
				COPY_PHASE_STRIP = NO;
				DEBUG_INFORMATION_FORMAT = dwarf;
				ENABLE_STRICT_OBJC_MSGSEND = YES;
				ENABLE_TESTABILITY = YES;
				ENABLE_USER_SCRIPT_SANDBOXING = YES;
				GCC_C_LANGUAGE_STANDARD = gnu17;
				GCC_DYNAMIC_NO_PIC = NO;
				GCC_NO_COMMON_BLOCKS = YES;
				GCC_OPTIMIZATION_LEVEL = 0;
				GCC_PREPROCESSOR_DEFINITIONS = (
					"DEBUG=1",
					"$(inherited)",
				);
				GCC_WARN_64_TO_32_BIT_CONVERSION = YES;
				GCC_WARN_ABOUT_RETURN_TYPE = YES_ERROR;
				GCC_WARN_UNDECLARED_SELECTOR = YES;
				GCC_WARN_UNINITIALIZED_AUTOS = YES_AGGRESSIVE;
				GCC_WARN_UNUSED_FUNCTION = YES;
				GCC_WARN_UNUSED_VARIABLE = YES;
				IPHONEOS_DEPLOYMENT_TARGET = 17.2;
				LOCALIZATION_PREFERS_STRING_CATALOGS = YES;
				MTL_ENABLE_DEBUG_INFO = INCLUDE_SOURCE;
				MTL_FAST_MATH = YES;
				ONLY_ACTIVE_ARCH = YES;
				SDKROOT = iphoneos;
				SWIFT_ACTIVE_COMPILATION_CONDITIONS = "DEBUG $(inherited)";
				SWIFT_OPTIMIZATION_LEVEL = "-Onone";
			};
			name = Debug;
		};
		EB2378C12B70997E00C25DC5 /* Release */ = {
			isa = XCBuildConfiguration;
			buildSettings = {
				ALWAYS_SEARCH_USER_PATHS = NO;
				ASSETCATALOG_COMPILER_GENERATE_SWIFT_ASSET_SYMBOL_EXTENSIONS = YES;
				CLANG_ANALYZER_NONNULL = YES;
				CLANG_ANALYZER_NUMBER_OBJECT_CONVERSION = YES_AGGRESSIVE;
				CLANG_CXX_LANGUAGE_STANDARD = "gnu++20";
				CLANG_ENABLE_MODULES = YES;
				CLANG_ENABLE_OBJC_ARC = YES;
				CLANG_ENABLE_OBJC_WEAK = YES;
				CLANG_WARN_BLOCK_CAPTURE_AUTORELEASING = YES;
				CLANG_WARN_BOOL_CONVERSION = YES;
				CLANG_WARN_COMMA = YES;
				CLANG_WARN_CONSTANT_CONVERSION = YES;
				CLANG_WARN_DEPRECATED_OBJC_IMPLEMENTATIONS = YES;
				CLANG_WARN_DIRECT_OBJC_ISA_USAGE = YES_ERROR;
				CLANG_WARN_DOCUMENTATION_COMMENTS = YES;
				CLANG_WARN_EMPTY_BODY = YES;
				CLANG_WARN_ENUM_CONVERSION = YES;
				CLANG_WARN_INFINITE_RECURSION = YES;
				CLANG_WARN_INT_CONVERSION = YES;
				CLANG_WARN_NON_LITERAL_NULL_CONVERSION = YES;
				CLANG_WARN_OBJC_IMPLICIT_RETAIN_SELF = YES;
				CLANG_WARN_OBJC_LITERAL_CONVERSION = YES;
				CLANG_WARN_OBJC_ROOT_CLASS = YES_ERROR;
				CLANG_WARN_QUOTED_INCLUDE_IN_FRAMEWORK_HEADER = YES;
				CLANG_WARN_RANGE_LOOP_ANALYSIS = YES;
				CLANG_WARN_STRICT_PROTOTYPES = YES;
				CLANG_WARN_SUSPICIOUS_MOVE = YES;
				CLANG_WARN_UNGUARDED_AVAILABILITY = YES_AGGRESSIVE;
				CLANG_WARN_UNREACHABLE_CODE = YES;
				CLANG_WARN__DUPLICATE_METHOD_MATCH = YES;
				COPY_PHASE_STRIP = NO;
				DEBUG_INFORMATION_FORMAT = "dwarf-with-dsym";
				ENABLE_NS_ASSERTIONS = NO;
				ENABLE_STRICT_OBJC_MSGSEND = YES;
				ENABLE_USER_SCRIPT_SANDBOXING = YES;
				GCC_C_LANGUAGE_STANDARD = gnu17;
				GCC_NO_COMMON_BLOCKS = YES;
				GCC_WARN_64_TO_32_BIT_CONVERSION = YES;
				GCC_WARN_ABOUT_RETURN_TYPE = YES_ERROR;
				GCC_WARN_UNDECLARED_SELECTOR = YES;
				GCC_WARN_UNINITIALIZED_AUTOS = YES_AGGRESSIVE;
				GCC_WARN_UNUSED_FUNCTION = YES;
				GCC_WARN_UNUSED_VARIABLE = YES;
				IPHONEOS_DEPLOYMENT_TARGET = 17.2;
				LOCALIZATION_PREFERS_STRING_CATALOGS = YES;
				MTL_ENABLE_DEBUG_INFO = NO;
				MTL_FAST_MATH = YES;
				SDKROOT = iphoneos;
				SWIFT_COMPILATION_MODE = wholemodule;
				VALIDATE_PRODUCT = YES;
			};
			name = Release;
		};
		EB2378C32B70997E00C25DC5 /* Debug */ = {
			isa = XCBuildConfiguration;
			buildSettings = {
				ASSETCATALOG_COMPILER_APPICON_NAME = AppIcon;
				ASSETCATALOG_COMPILER_GLOBAL_ACCENT_COLOR_NAME = AccentColor;
				CODE_SIGN_STYLE = Automatic;
				CURRENT_PROJECT_VERSION = 1;
				DEVELOPMENT_ASSET_PATHS = "\"recipy/Preview Content\"";
				DEVELOPMENT_TEAM = 29U42SW28Z;
				ENABLE_PREVIEWS = YES;
				GENERATE_INFOPLIST_FILE = YES;
				INFOPLIST_KEY_UIApplicationSceneManifest_Generation = YES;
				INFOPLIST_KEY_UIApplicationSupportsIndirectInputEvents = YES;
				INFOPLIST_KEY_UILaunchScreen_Generation = YES;
				INFOPLIST_KEY_UISupportedInterfaceOrientations_iPad = "UIInterfaceOrientationPortrait UIInterfaceOrientationPortraitUpsideDown UIInterfaceOrientationLandscapeLeft UIInterfaceOrientationLandscapeRight";
				INFOPLIST_KEY_UISupportedInterfaceOrientations_iPhone = "UIInterfaceOrientationPortrait UIInterfaceOrientationLandscapeLeft UIInterfaceOrientationLandscapeRight";
				LD_RUNPATH_SEARCH_PATHS = (
					"$(inherited)",
					"@executable_path/Frameworks",
				);
				MARKETING_VERSION = 1.0;
				PRODUCT_BUNDLE_IDENTIFIER = com.jvslima.recipy;
				PRODUCT_NAME = "$(TARGET_NAME)";
				SWIFT_EMIT_LOC_STRINGS = YES;
				SWIFT_VERSION = 5.0;
				TARGETED_DEVICE_FAMILY = "1,2";
			};
			name = Debug;
		};
		EB2378C42B70997E00C25DC5 /* Release */ = {
			isa = XCBuildConfiguration;
			buildSettings = {
				ASSETCATALOG_COMPILER_APPICON_NAME = AppIcon;
				ASSETCATALOG_COMPILER_GLOBAL_ACCENT_COLOR_NAME = AccentColor;
				CODE_SIGN_STYLE = Automatic;
				CURRENT_PROJECT_VERSION = 1;
				DEVELOPMENT_ASSET_PATHS = "\"recipy/Preview Content\"";
				DEVELOPMENT_TEAM = 29U42SW28Z;
				ENABLE_PREVIEWS = YES;
				GENERATE_INFOPLIST_FILE = YES;
				INFOPLIST_KEY_UIApplicationSceneManifest_Generation = YES;
				INFOPLIST_KEY_UIApplicationSupportsIndirectInputEvents = YES;
				INFOPLIST_KEY_UILaunchScreen_Generation = YES;
				INFOPLIST_KEY_UISupportedInterfaceOrientations_iPad = "UIInterfaceOrientationPortrait UIInterfaceOrientationPortraitUpsideDown UIInterfaceOrientationLandscapeLeft UIInterfaceOrientationLandscapeRight";
				INFOPLIST_KEY_UISupportedInterfaceOrientations_iPhone = "UIInterfaceOrientationPortrait UIInterfaceOrientationLandscapeLeft UIInterfaceOrientationLandscapeRight";
				LD_RUNPATH_SEARCH_PATHS = (
					"$(inherited)",
					"@executable_path/Frameworks",
				);
				MARKETING_VERSION = 1.0;
				PRODUCT_BUNDLE_IDENTIFIER = com.jvslima.recipy;
				PRODUCT_NAME = "$(TARGET_NAME)";
				SWIFT_EMIT_LOC_STRINGS = YES;
				SWIFT_VERSION = 5.0;
				TARGETED_DEVICE_FAMILY = "1,2";
			};
			name = Release;
		};
/* End XCBuildConfiguration section */

/* Begin XCConfigurationList section */
		EB2378AF2B70997C00C25DC5 /* Build configuration list for PBXProject "recipy" */ = {
			isa = XCConfigurationList;
			buildConfigurations = (
				EB2378C02B70997E00C25DC5 /* Debug */,
				EB2378C12B70997E00C25DC5 /* Release */,
			);
			defaultConfigurationIsVisible = 0;
			defaultConfigurationName = Release;
		};
		EB2378C22B70997E00C25DC5 /* Build configuration list for PBXNativeTarget "recipy" */ = {
			isa = XCConfigurationList;
			buildConfigurations = (
				EB2378C32B70997E00C25DC5 /* Debug */,
				EB2378C42B70997E00C25DC5 /* Release */,
			);
			defaultConfigurationIsVisible = 0;
			defaultConfigurationName = Release;
		};
/* End XCConfigurationList section */
	};
	rootObject = EB2378AC2B70997C00C25DC5 /* Project object */;
}
